
Microsoft Visual Studio Solution File, Format Version 12.00
# Visual Studio Version 17
VisualStudioVersion = 17.13.35818.85 d17.13
MinimumVisualStudioVersion = 10.0.40219.1
Project("{FAE04EC0-301F-11D3-BF4B-00C04F79EFBC}") = "TouchTrackApp", "TouchTrackApp.csproj", "{ABFDB2E9-1329-42B0-962A-D77464E7411D}"
EndProject
Global
	GlobalSection(SolutionConfigurationPlatforms) = preSolution
		Debug|Any CPU = Debug|Any CPU
		Release|Any CPU = Release|Any CPU
	EndGlobalSection
	GlobalSection(ProjectConfigurationPlatforms) = postSolution
		{ABFDB2E9-1329-42B0-962A-D77464E7411D}.Debug|Any CPU.ActiveCfg = Debug|Any CPU
		{ABFDB2E9-1329-42B0-962A-D77464E7411D}.Debug|Any CPU.Build.0 = Debug|Any CPU
		{ABFDB2E9-1329-42B0-962A-D77464E7411D}.Release|Any CPU.ActiveCfg = Release|Any CPU
		{ABFDB2E9-1329-42B0-962A-D77464E7411D}.Release|Any CPU.Build.0 = Release|Any CPU
	EndGlobalSection
	GlobalSection(SolutionProperties) = preSolution
		HideSolutionNode = FALSE
	EndGlobalSection
	GlobalSection(ExtensibilityGlobals) = postSolution
		SolutionGuid = {6705AC83-5B48-4437-8FFD-5C3A19CE2ACC}
	EndGlobalSection
EndGlobal
